// !$*UTF8*$!
{
	archiveVersion = 1;
	classes = {
	};
	objectVersion = 56;
	objects = {

/* Begin PBXBuildFile section */
		1F1D4BC82BE39E0000D65359 /* OscReceiverExampleApp.swift in Sources */ = {isa = PBXBuildFile; fileRef = 1F1D4BC72BE39E0000D65359 /* OscReceiverExampleApp.swift */; };
		1F1D4BCA2BE39E0000D65359 /* ContentView.swift in Sources */ = {isa = PBXBuildFile; fileRef = 1F1D4BC92BE39E0000D65359 /* ContentView.swift */; };
		1F1D4BCC2BE39E0000D65359 /* Item.swift in Sources */ = {isa = PBXBuildFile; fileRef = 1F1D4BCB2BE39E0000D65359 /* Item.swift */; };
		1F1D4BCE2BE39E0100D65359 /* Assets.xcassets in Resources */ = {isa = PBXBuildFile; fileRef = 1F1D4BCD2BE39E0100D65359 /* Assets.xcassets */; };
		1F1D4BD12BE39E0100D65359 /* Preview Assets.xcassets in Resources */ = {isa = PBXBuildFile; fileRef = 1F1D4BD02BE39E0100D65359 /* Preview Assets.xcassets */; };
		1F1D4BDB2BE39E0100D65359 /* OscReceiverExampleTests.swift in Sources */ = {isa = PBXBuildFile; fileRef = 1F1D4BDA2BE39E0100D65359 /* OscReceiverExampleTests.swift */; };
		1F1D4BE52BE39E0100D65359 /* OscReceiverExampleUITests.swift in Sources */ = {isa = PBXBuildFile; fileRef = 1F1D4BE42BE39E0100D65359 /* OscReceiverExampleUITests.swift */; };
		1F1D4BE72BE39E0100D65359 /* OscReceiverExampleUITestsLaunchTests.swift in Sources */ = {isa = PBXBuildFile; fileRef = 1F1D4BE62BE39E0100D65359 /* OscReceiverExampleUITestsLaunchTests.swift */; };
		1F1D4BF52BE39E3D00D65359 /* OSCServerManager.swift in Sources */ = {isa = PBXBuildFile; fileRef = 1F1D4BF42BE39E3D00D65359 /* OSCServerManager.swift */; };
		1F1D4BF82BE39EEF00D65359 /* OSCKit in Frameworks */ = {isa = PBXBuildFile; productRef = 1F1D4BF72BE39EEF00D65359 /* OSCKit */; };
/* End PBXBuildFile section */

/* Begin PBXContainerItemProxy section */
		1F1D4BD72BE39E0100D65359 /* PBXContainerItemProxy */ = {
			isa = PBXContainerItemProxy;
			containerPortal = 1F1D4BBC2BE39E0000D65359 /* Project object */;
			proxyType = 1;
			remoteGlobalIDString = 1F1D4BC32BE39E0000D65359;
			remoteInfo = OscReceiverExample;
		};
		1F1D4BE12BE39E0100D65359 /* PBXContainerItemProxy */ = {
			isa = PBXContainerItemProxy;
			containerPortal = 1F1D4BBC2BE39E0000D65359 /* Project object */;
			proxyType = 1;
			remoteGlobalIDString = 1F1D4BC32BE39E0000D65359;
			remoteInfo = OscReceiverExample;
		};
/* End PBXContainerItemProxy section */

/* Begin PBXFileReference section */
		1F1D4BC42BE39E0000D65359 /* OscReceiverExample.app */ = {isa = PBXFileReference; explicitFileType = wrapper.application; includeInIndex = 0; path = OscReceiverExample.app; sourceTree = BUILT_PRODUCTS_DIR; };
		1F1D4BC72BE39E0000D65359 /* OscReceiverExampleApp.swift */ = {isa = PBXFileReference; lastKnownFileType = sourcecode.swift; path = OscReceiverExampleApp.swift; sourceTree = "<group>"; };
		1F1D4BC92BE39E0000D65359 /* ContentView.swift */ = {isa = PBXFileReference; lastKnownFileType = sourcecode.swift; path = ContentView.swift; sourceTree = "<group>"; };
		1F1D4BCB2BE39E0000D65359 /* Item.swift */ = {isa = PBXFileReference; lastKnownFileType = sourcecode.swift; path = Item.swift; sourceTree = "<group>"; };
		1F1D4BCD2BE39E0100D65359 /* Assets.xcassets */ = {isa = PBXFileReference; lastKnownFileType = folder.assetcatalog; path = Assets.xcassets; sourceTree = "<group>"; };
		1F1D4BD02BE39E0100D65359 /* Preview Assets.xcassets */ = {isa = PBXFileReference; lastKnownFileType = folder.assetcatalog; path = "Preview Assets.xcassets"; sourceTree = "<group>"; };
		1F1D4BD62BE39E0100D65359 /* OscReceiverExampleTests.xctest */ = {isa = PBXFileReference; explicitFileType = wrapper.cfbundle; includeInIndex = 0; path = OscReceiverExampleTests.xctest; sourceTree = BUILT_PRODUCTS_DIR; };
		1F1D4BDA2BE39E0100D65359 /* OscReceiverExampleTests.swift */ = {isa = PBXFileReference; lastKnownFileType = sourcecode.swift; path = OscReceiverExampleTests.swift; sourceTree = "<group>"; };
		1F1D4BE02BE39E0100D65359 /* OscReceiverExampleUITests.xctest */ = {isa = PBXFileReference; explicitFileType = wrapper.cfbundle; includeInIndex = 0; path = OscReceiverExampleUITests.xctest; sourceTree = BUILT_PRODUCTS_DIR; };
		1F1D4BE42BE39E0100D65359 /* OscReceiverExampleUITests.swift */ = {isa = PBXFileReference; lastKnownFileType = sourcecode.swift; path = OscReceiverExampleUITests.swift; sourceTree = "<group>"; };
		1F1D4BE62BE39E0100D65359 /* OscReceiverExampleUITestsLaunchTests.swift */ = {isa = PBXFileReference; lastKnownFileType = sourcecode.swift; path = OscReceiverExampleUITestsLaunchTests.swift; sourceTree = "<group>"; };
		1F1D4BF42BE39E3D00D65359 /* OSCServerManager.swift */ = {isa = PBXFileReference; lastKnownFileType = sourcecode.swift; path = OSCServerManager.swift; sourceTree = "<group>"; };
/* End PBXFileReference section */

/* Begin PBXFrameworksBuildPhase section */
		1F1D4BC12BE39E0000D65359 /* Frameworks */ = {
			isa = PBXFrameworksBuildPhase;
			buildActionMask = 2147483647;
			files = (
				1F1D4BF82BE39EEF00D65359 /* OSCKit in Frameworks */,
			);
			runOnlyForDeploymentPostprocessing = 0;
		};
		1F1D4BD32BE39E0100D65359 /* Frameworks */ = {
			isa = PBXFrameworksBuildPhase;
			buildActionMask = 2147483647;
			files = (
			);
			runOnlyForDeploymentPostprocessing = 0;
		};
		1F1D4BDD2BE39E0100D65359 /* Frameworks */ = {
			isa = PBXFrameworksBuildPhase;
			buildActionMask = 2147483647;
			files = (
			);
			runOnlyForDeploymentPostprocessing = 0;
		};
/* End PBXFrameworksBuildPhase section */

/* Begin PBXGroup section */
		1F1D4BBB2BE39E0000D65359 = {
			isa = PBXGroup;
			children = (
				1F1D4BC62BE39E0000D65359 /* OscReceiverExample */,
				1F1D4BD92BE39E0100D65359 /* OscReceiverExampleTests */,
				1F1D4BE32BE39E0100D65359 /* OscReceiverExampleUITests */,
				1F1D4BC52BE39E0000D65359 /* Products */,
				1F1D4BF62BE39EEF00D65359 /* Frameworks */,
			);
			sourceTree = "<group>";
		};
		1F1D4BC52BE39E0000D65359 /* Products */ = {
			isa = PBXGroup;
			children = (
				1F1D4BC42BE39E0000D65359 /* OscReceiverExample.app */,
				1F1D4BD62BE39E0100D65359 /* OscReceiverExampleTests.xctest */,
				1F1D4BE02BE39E0100D65359 /* OscReceiverExampleUITests.xctest */,
			);
			name = Products;
			sourceTree = "<group>";
		};
		1F1D4BC62BE39E0000D65359 /* OscReceiverExample */ = {
			isa = PBXGroup;
			children = (
				1F1D4BC72BE39E0000D65359 /* OscReceiverExampleApp.swift */,
				1F1D4BC92BE39E0000D65359 /* ContentView.swift */,
				1F1D4BCB2BE39E0000D65359 /* Item.swift */,
				1F1D4BCD2BE39E0100D65359 /* Assets.xcassets */,
				1F1D4BCF2BE39E0100D65359 /* Preview Content */,
				1F1D4BF42BE39E3D00D65359 /* OSCServerManager.swift */,
			);
			path = OscReceiverExample;
			sourceTree = "<group>";
		};
		1F1D4BCF2BE39E0100D65359 /* Preview Content */ = {
			isa = PBXGroup;
			children = (
				1F1D4BD02BE39E0100D65359 /* Preview Assets.xcassets */,
			);
			path = "Preview Content";
			sourceTree = "<group>";
		};
		1F1D4BD92BE39E0100D65359 /* OscReceiverExampleTests */ = {
			isa = PBXGroup;
			children = (
				1F1D4BDA2BE39E0100D65359 /* OscReceiverExampleTests.swift */,
			);
			path = OscReceiverExampleTests;
			sourceTree = "<group>";
		};
		1F1D4BE32BE39E0100D65359 /* OscReceiverExampleUITests */ = {
			isa = PBXGroup;
			children = (
				1F1D4BE42BE39E0100D65359 /* OscReceiverExampleUITests.swift */,
				1F1D4BE62BE39E0100D65359 /* OscReceiverExampleUITestsLaunchTests.swift */,
			);
			path = OscReceiverExampleUITests;
			sourceTree = "<group>";
		};
		1F1D4BF62BE39EEF00D65359 /* Frameworks */ = {
			isa = PBXGroup;
			children = (
			);
			name = Frameworks;
			sourceTree = "<group>";
		};
/* End PBXGroup section */

/* Begin PBXNativeTarget section */
		1F1D4BC32BE39E0000D65359 /* OscReceiverExample */ = {
			isa = PBXNativeTarget;
			buildConfigurationList = 1F1D4BEA2BE39E0100D65359 /* Build configuration list for PBXNativeTarget "OscReceiverExample" */;
			buildPhases = (
				1F1D4BC02BE39E0000D65359 /* Sources */,
				1F1D4BC12BE39E0000D65359 /* Frameworks */,
				1F1D4BC22BE39E0000D65359 /* Resources */,
			);
			buildRules = (
			);
			dependencies = (
			);
			name = OscReceiverExample;
			packageProductDependencies = (
				1F1D4BF72BE39EEF00D65359 /* OSCKit */,
			);
			productName = OscReceiverExample;
			productReference = 1F1D4BC42BE39E0000D65359 /* OscReceiverExample.app */;
			productType = "com.apple.product-type.application";
		};
		1F1D4BD52BE39E0100D65359 /* OscReceiverExampleTests */ = {
			isa = PBXNativeTarget;
			buildConfigurationList = 1F1D4BED2BE39E0100D65359 /* Build configuration list for PBXNativeTarget "OscReceiverExampleTests" */;
			buildPhases = (
				1F1D4BD22BE39E0100D65359 /* Sources */,
				1F1D4BD32BE39E0100D65359 /* Frameworks */,
				1F1D4BD42BE39E0100D65359 /* Resources */,
			);
			buildRules = (
			);
			dependencies = (
				1F1D4BD82BE39E0100D65359 /* PBXTargetDependency */,
			);
			name = OscReceiverExampleTests;
			productName = OscReceiverExampleTests;
			productReference = 1F1D4BD62BE39E0100D65359 /* OscReceiverExampleTests.xctest */;
			productType = "com.apple.product-type.bundle.unit-test";
		};
		1F1D4BDF2BE39E0100D65359 /* OscReceiverExampleUITests */ = {
			isa = PBXNativeTarget;
			buildConfigurationList = 1F1D4BF02BE39E0100D65359 /* Build configuration list for PBXNativeTarget "OscReceiverExampleUITests" */;
			buildPhases = (
				1F1D4BDC2BE39E0100D65359 /* Sources */,
				1F1D4BDD2BE39E0100D65359 /* Frameworks */,
				1F1D4BDE2BE39E0100D65359 /* Resources */,
			);
			buildRules = (
			);
			dependencies = (
				1F1D4BE22BE39E0100D65359 /* PBXTargetDependency */,
			);
			name = OscReceiverExampleUITests;
			productName = OscReceiverExampleUITests;
			productReference = 1F1D4BE02BE39E0100D65359 /* OscReceiverExampleUITests.xctest */;
			productType = "com.apple.product-type.bundle.ui-testing";
		};
/* End PBXNativeTarget section */

/* Begin PBXProject section */
		1F1D4BBC2BE39E0000D65359 /* Project object */ = {
			isa = PBXProject;
			attributes = {
				BuildIndependentTargetsInParallel = 1;
				LastSwiftUpdateCheck = 1530;
				LastUpgradeCheck = 1530;
				TargetAttributes = {
					1F1D4BC32BE39E0000D65359 = {
						CreatedOnToolsVersion = 15.3;
					};
					1F1D4BD52BE39E0100D65359 = {
						CreatedOnToolsVersion = 15.3;
						TestTargetID = 1F1D4BC32BE39E0000D65359;
					};
					1F1D4BDF2BE39E0100D65359 = {
						CreatedOnToolsVersion = 15.3;
						TestTargetID = 1F1D4BC32BE39E0000D65359;
					};
				};
			};
			buildConfigurationList = 1F1D4BBF2BE39E0000D65359 /* Build configuration list for PBXProject "OscReceiverExample" */;
			compatibilityVersion = "Xcode 14.0";
			developmentRegion = en;
			hasScannedForEncodings = 0;
			knownRegions = (
				en,
				Base,
			);
			mainGroup = 1F1D4BBB2BE39E0000D65359;
			packageReferences = (
				1F1D4BF32BE39E1800D65359 /* XCRemoteSwiftPackageReference "OSCKit" */,
			);
			productRefGroup = 1F1D4BC52BE39E0000D65359 /* Products */;
			projectDirPath = "";
			projectRoot = "";
			targets = (
				1F1D4BC32BE39E0000D65359 /* OscReceiverExample */,
				1F1D4BD52BE39E0100D65359 /* OscReceiverExampleTests */,
				1F1D4BDF2BE39E0100D65359 /* OscReceiverExampleUITests */,
			);
		};
/* End PBXProject section */

/* Begin PBXResourcesBuildPhase section */
		1F1D4BC22BE39E0000D65359 /* Resources */ = {
			isa = PBXResourcesBuildPhase;
			buildActionMask = 2147483647;
			files = (
				1F1D4BD12BE39E0100D65359 /* Preview Assets.xcassets in Resources */,
				1F1D4BCE2BE39E0100D65359 /* Assets.xcassets in Resources */,
			);
			runOnlyForDeploymentPostprocessing = 0;
		};
		1F1D4BD42BE39E0100D65359 /* Resources */ = {
			isa = PBXResourcesBuildPhase;
			buildActionMask = 2147483647;
			files = (
			);
			runOnlyForDeploymentPostprocessing = 0;
		};
		1F1D4BDE2BE39E0100D65359 /* Resources */ = {
			isa = PBXResourcesBuildPhase;
			buildActionMask = 2147483647;
			files = (
			);
			runOnlyForDeploymentPostprocessing = 0;
		};
/* End PBXResourcesBuildPhase section */

/* Begin PBXSourcesBuildPhase section */
		1F1D4BC02BE39E0000D65359 /* Sources */ = {
			isa = PBXSourcesBuildPhase;
			buildActionMask = 2147483647;
			files = (
				1F1D4BF52BE39E3D00D65359 /* OSCServerManager.swift in Sources */,
				1F1D4BCA2BE39E0000D65359 /* ContentView.swift in Sources */,
				1F1D4BCC2BE39E0000D65359 /* Item.swift in Sources */,
				1F1D4BC82BE39E0000D65359 /* OscReceiverExampleApp.swift in Sources */,
			);
			runOnlyForDeploymentPostprocessing = 0;
		};
		1F1D4BD22BE39E0100D65359 /* Sources */ = {
			isa = PBXSourcesBuildPhase;
			buildActionMask = 2147483647;
			files = (
				1F1D4BDB2BE39E0100D65359 /* OscReceiverExampleTests.swift in Sources */,
			);
			runOnlyForDeploymentPostprocessing = 0;
		};
		1F1D4BDC2BE39E0100D65359 /* Sources */ = {
			isa = PBXSourcesBuildPhase;
			buildActionMask = 2147483647;
			files = (
				1F1D4BE72BE39E0100D65359 /* OscReceiverExampleUITestsLaunchTests.swift in Sources */,
				1F1D4BE52BE39E0100D65359 /* OscReceiverExampleUITests.swift in Sources */,
			);
			runOnlyForDeploymentPostprocessing = 0;
		};
/* End PBXSourcesBuildPhase section */

/* Begin PBXTargetDependency section */
		1F1D4BD82BE39E0100D65359 /* PBXTargetDependency */ = {
			isa = PBXTargetDependency;
			target = 1F1D4BC32BE39E0000D65359 /* OscReceiverExample */;
			targetProxy = 1F1D4BD72BE39E0100D65359 /* PBXContainerItemProxy */;
		};
		1F1D4BE22BE39E0100D65359 /* PBXTargetDependency */ = {
			isa = PBXTargetDependency;
			target = 1F1D4BC32BE39E0000D65359 /* OscReceiverExample */;
			targetProxy = 1F1D4BE12BE39E0100D65359 /* PBXContainerItemProxy */;
		};
/* End PBXTargetDependency section */

/* Begin XCBuildConfiguration section */
		1F1D4BE82BE39E0100D65359 /* Debug */ = {
			isa = XCBuildConfiguration;
			buildSettings = {
				ALWAYS_SEARCH_USER_PATHS = NO;
				ASSETCATALOG_COMPILER_GENERATE_SWIFT_ASSET_SYMBOL_EXTENSIONS = YES;
				CLANG_ANALYZER_NONNULL = YES;
				CLANG_ANALYZER_NUMBER_OBJECT_CONVERSION = YES_AGGRESSIVE;
				CLANG_CXX_LANGUAGE_STANDARD = "gnu++20";
				CLANG_ENABLE_MODULES = YES;
				CLANG_ENABLE_OBJC_ARC = YES;
				CLANG_ENABLE_OBJC_WEAK = YES;
				CLANG_WARN_BLOCK_CAPTURE_AUTORELEASING = YES;
				CLANG_WARN_BOOL_CONVERSION = YES;
				CLANG_WARN_COMMA = YES;
				CLANG_WARN_CONSTANT_CONVERSION = YES;
				CLANG_WARN_DEPRECATED_OBJC_IMPLEMENTATIONS = YES;
				CLANG_WARN_DIRECT_OBJC_ISA_USAGE = YES_ERROR;
				CLANG_WARN_DOCUMENTATION_COMMENTS = YES;
				CLANG_WARN_EMPTY_BODY = YES;
				CLANG_WARN_ENUM_CONVERSION = YES;
				CLANG_WARN_INFINITE_RECURSION = YES;
				CLANG_WARN_INT_CONVERSION = YES;
				CLANG_WARN_NON_LITERAL_NULL_CONVERSION = YES;
				CLANG_WARN_OBJC_IMPLICIT_RETAIN_SELF = YES;
				CLANG_WARN_OBJC_LITERAL_CONVERSION = YES;
				CLANG_WARN_OBJC_ROOT_CLASS = YES_ERROR;
				CLANG_WARN_QUOTED_INCLUDE_IN_FRAMEWORK_HEADER = YES;
				CLANG_WARN_RANGE_LOOP_ANALYSIS = YES;
				CLANG_WARN_STRICT_PROTOTYPES = YES;
				CLANG_WARN_SUSPICIOUS_MOVE = YES;
				CLANG_WARN_UNGUARDED_AVAILABILITY = YES_AGGRESSIVE;
				CLANG_WARN_UNREACHABLE_CODE = YES;
				CLANG_WARN__DUPLICATE_METHOD_MATCH = YES;
				COPY_PHASE_STRIP = NO;
				DEBUG_INFORMATION_FORMAT = dwarf;
				ENABLE_STRICT_OBJC_MSGSEND = YES;
				ENABLE_TESTABILITY = YES;
				ENABLE_USER_SCRIPT_SANDBOXING = YES;
				GCC_C_LANGUAGE_STANDARD = gnu17;
				GCC_DYNAMIC_NO_PIC = NO;
				GCC_NO_COMMON_BLOCKS = YES;
				GCC_OPTIMIZATION_LEVEL = 0;
				GCC_PREPROCESSOR_DEFINITIONS = (
					"DEBUG=1",
					"$(inherited)",
				);
				GCC_WARN_64_TO_32_BIT_CONVERSION = YES;
				GCC_WARN_ABOUT_RETURN_TYPE = YES_ERROR;
				GCC_WARN_UNDECLARED_SELECTOR = YES;
				GCC_WARN_UNINITIALIZED_AUTOS = YES_AGGRESSIVE;
				GCC_WARN_UNUSED_FUNCTION = YES;
				GCC_WARN_UNUSED_VARIABLE = YES;
				IPHONEOS_DEPLOYMENT_TARGET = 17.4;
				LOCALIZATION_PREFERS_STRING_CATALOGS = YES;
				MTL_ENABLE_DEBUG_INFO = INCLUDE_SOURCE;
				MTL_FAST_MATH = YES;
				ONLY_ACTIVE_ARCH = YES;
				SDKROOT = iphoneos;
				SWIFT_ACTIVE_COMPILATION_CONDITIONS = "DEBUG $(inherited)";
				SWIFT_OPTIMIZATION_LEVEL = "-Onone";
			};
			name = Debug;
		};
		1F1D4BE92BE39E0100D65359 /* Release */ = {
			isa = XCBuildConfiguration;
			buildSettings = {
				ALWAYS_SEARCH_USER_PATHS = NO;
				ASSETCATALOG_COMPILER_GENERATE_SWIFT_ASSET_SYMBOL_EXTENSIONS = YES;
				CLANG_ANALYZER_NONNULL = YES;
				CLANG_ANALYZER_NUMBER_OBJECT_CONVERSION = YES_AGGRESSIVE;
				CLANG_CXX_LANGUAGE_STANDARD = "gnu++20";
				CLANG_ENABLE_MODULES = YES;
				CLANG_ENABLE_OBJC_ARC = YES;
				CLANG_ENABLE_OBJC_WEAK = YES;
				CLANG_WARN_BLOCK_CAPTURE_AUTORELEASING = YES;
				CLANG_WARN_BOOL_CONVERSION = YES;
				CLANG_WARN_COMMA = YES;
				CLANG_WARN_CONSTANT_CONVERSION = YES;
				CLANG_WARN_DEPRECATED_OBJC_IMPLEMENTATIONS = YES;
				CLANG_WARN_DIRECT_OBJC_ISA_USAGE = YES_ERROR;
				CLANG_WARN_DOCUMENTATION_COMMENTS = YES;
				CLANG_WARN_EMPTY_BODY = YES;
				CLANG_WARN_ENUM_CONVERSION = YES;
				CLANG_WARN_INFINITE_RECURSION = YES;
				CLANG_WARN_INT_CONVERSION = YES;
				CLANG_WARN_NON_LITERAL_NULL_CONVERSION = YES;
				CLANG_WARN_OBJC_IMPLICIT_RETAIN_SELF = YES;
				CLANG_WARN_OBJC_LITERAL_CONVERSION = YES;
				CLANG_WARN_OBJC_ROOT_CLASS = YES_ERROR;
				CLANG_WARN_QUOTED_INCLUDE_IN_FRAMEWORK_HEADER = YES;
				CLANG_WARN_RANGE_LOOP_ANALYSIS = YES;
				CLANG_WARN_STRICT_PROTOTYPES = YES;
				CLANG_WARN_SUSPICIOUS_MOVE = YES;
				CLANG_WARN_UNGUARDED_AVAILABILITY = YES_AGGRESSIVE;
				CLANG_WARN_UNREACHABLE_CODE = YES;
				CLANG_WARN__DUPLICATE_METHOD_MATCH = YES;
				COPY_PHASE_STRIP = NO;
				DEBUG_INFORMATION_FORMAT = "dwarf-with-dsym";
				ENABLE_NS_ASSERTIONS = NO;
				ENABLE_STRICT_OBJC_MSGSEND = YES;
				ENABLE_USER_SCRIPT_SANDBOXING = YES;
				GCC_C_LANGUAGE_STANDARD = gnu17;
				GCC_NO_COMMON_BLOCKS = YES;
				GCC_WARN_64_TO_32_BIT_CONVERSION = YES;
				GCC_WARN_ABOUT_RETURN_TYPE = YES_ERROR;
				GCC_WARN_UNDECLARED_SELECTOR = YES;
				GCC_WARN_UNINITIALIZED_AUTOS = YES_AGGRESSIVE;
				GCC_WARN_UNUSED_FUNCTION = YES;
				GCC_WARN_UNUSED_VARIABLE = YES;
				IPHONEOS_DEPLOYMENT_TARGET = 17.4;
				LOCALIZATION_PREFERS_STRING_CATALOGS = YES;
				MTL_ENABLE_DEBUG_INFO = NO;
				MTL_FAST_MATH = YES;
				SDKROOT = iphoneos;
				SWIFT_COMPILATION_MODE = wholemodule;
				VALIDATE_PRODUCT = YES;
			};
			name = Release;
		};
		1F1D4BEB2BE39E0100D65359 /* Debug */ = {
			isa = XCBuildConfiguration;
			buildSettings = {
				ASSETCATALOG_COMPILER_APPICON_NAME = AppIcon;
				ASSETCATALOG_COMPILER_GLOBAL_ACCENT_COLOR_NAME = AccentColor;
				CODE_SIGN_IDENTITY = "Apple Development";
				CODE_SIGN_STYLE = Automatic;
				CURRENT_PROJECT_VERSION = 1;
				DEVELOPMENT_ASSET_PATHS = "\"OscReceiverExample/Preview Content\"";
				DEVELOPMENT_TEAM = "";
				ENABLE_PREVIEWS = YES;
				GENERATE_INFOPLIST_FILE = YES;
				INFOPLIST_KEY_UIApplicationSceneManifest_Generation = YES;
				INFOPLIST_KEY_UIApplicationSupportsIndirectInputEvents = YES;
				INFOPLIST_KEY_UILaunchScreen_Generation = YES;
				INFOPLIST_KEY_UISupportedInterfaceOrientations_iPad = "UIInterfaceOrientationPortrait UIInterfaceOrientationPortraitUpsideDown UIInterfaceOrientationLandscapeLeft UIInterfaceOrientationLandscapeRight";
				INFOPLIST_KEY_UISupportedInterfaceOrientations_iPhone = "UIInterfaceOrientationPortrait UIInterfaceOrientationLandscapeLeft UIInterfaceOrientationLandscapeRight";
				LD_RUNPATH_SEARCH_PATHS = (
					"$(inherited)",
					"@executable_path/Frameworks",
				);
				MARKETING_VERSION = 1.0;
				PRODUCT_BUNDLE_IDENTIFIER = com.example.OscReceiverExample;
				PRODUCT_NAME = "$(TARGET_NAME)";
				PROVISIONING_PROFILE_SPECIFIER = "";
				SWIFT_EMIT_LOC_STRINGS = YES;
				SWIFT_VERSION = 5.0;
				TARGETED_DEVICE_FAMILY = "1,2";
			};
			name = Debug;
		};
		1F1D4BEC2BE39E0100D65359 /* Release */ = {
			isa = XCBuildConfiguration;
			buildSettings = {
				ASSETCATALOG_COMPILER_APPICON_NAME = AppIcon;
				ASSETCATALOG_COMPILER_GLOBAL_ACCENT_COLOR_NAME = AccentColor;
				CODE_SIGN_IDENTITY = "Apple Development";
				CODE_SIGN_STYLE = Automatic;
				CURRENT_PROJECT_VERSION = 1;
				DEVELOPMENT_ASSET_PATHS = "\"OscReceiverExample/Preview Content\"";
				DEVELOPMENT_TEAM = "";
				ENABLE_PREVIEWS = YES;
				GENERATE_INFOPLIST_FILE = YES;
				INFOPLIST_KEY_UIApplicationSceneManifest_Generation = YES;
				INFOPLIST_KEY_UIApplicationSupportsIndirectInputEvents = YES;
				INFOPLIST_KEY_UILaunchScreen_Generation = YES;
				INFOPLIST_KEY_UISupportedInterfaceOrientations_iPad = "UIInterfaceOrientationPortrait UIInterfaceOrientationPortraitUpsideDown UIInterfaceOrientationLandscapeLeft UIInterfaceOrientationLandscapeRight";
				INFOPLIST_KEY_UISupportedInterfaceOrientations_iPhone = "UIInterfaceOrientationPortrait UIInterfaceOrientationLandscapeLeft UIInterfaceOrientationLandscapeRight";
				LD_RUNPATH_SEARCH_PATHS = (
					"$(inherited)",
					"@executable_path/Frameworks",
				);
				MARKETING_VERSION = 1.0;
				PRODUCT_BUNDLE_IDENTIFIER = com.example.OscReceiverExample;
				PRODUCT_NAME = "$(TARGET_NAME)";
				PROVISIONING_PROFILE_SPECIFIER = "";
				SWIFT_EMIT_LOC_STRINGS = YES;
				SWIFT_VERSION = 5.0;
				TARGETED_DEVICE_FAMILY = "1,2";
			};
			name = Release;
		};
		1F1D4BEE2BE39E0100D65359 /* Debug */ = {
			isa = XCBuildConfiguration;
			buildSettings = {
				ALWAYS_EMBED_SWIFT_STANDARD_LIBRARIES = YES;
				BUNDLE_LOADER = "$(TEST_HOST)";
				CODE_SIGN_STYLE = Automatic;
				CURRENT_PROJECT_VERSION = 1;
				GENERATE_INFOPLIST_FILE = YES;
				IPHONEOS_DEPLOYMENT_TARGET = 17.4;
				MARKETING_VERSION = 1.0;
				PRODUCT_BUNDLE_IDENTIFIER = com.example.OscReceiverExampleTests;
				PRODUCT_NAME = "$(TARGET_NAME)";
				SWIFT_EMIT_LOC_STRINGS = NO;
				SWIFT_VERSION = 5.0;
				TARGETED_DEVICE_FAMILY = "1,2";
				TEST_HOST = "$(BUILT_PRODUCTS_DIR)/OscReceiverExample.app/$(BUNDLE_EXECUTABLE_FOLDER_PATH)/OscReceiverExample";
			};
			name = Debug;
		};
		1F1D4BEF2BE39E0100D65359 /* Release */ = {
			isa = XCBuildConfiguration;
			buildSettings = {
				ALWAYS_EMBED_SWIFT_STANDARD_LIBRARIES = YES;
				BUNDLE_LOADER = "$(TEST_HOST)";
				CODE_SIGN_STYLE = Automatic;
				CURRENT_PROJECT_VERSION = 1;
				GENERATE_INFOPLIST_FILE = YES;
				IPHONEOS_DEPLOYMENT_TARGET = 17.4;
				MARKETING_VERSION = 1.0;
				PRODUCT_BUNDLE_IDENTIFIER = com.example.OscReceiverExampleTests;
				PRODUCT_NAME = "$(TARGET_NAME)";
				SWIFT_EMIT_LOC_STRINGS = NO;
				SWIFT_VERSION = 5.0;
				TARGETED_DEVICE_FAMILY = "1,2";
				TEST_HOST = "$(BUILT_PRODUCTS_DIR)/OscReceiverExample.app/$(BUNDLE_EXECUTABLE_FOLDER_PATH)/OscReceiverExample";
			};
			name = Release;
		};
		1F1D4BF12BE39E0100D65359 /* Debug */ = {
			isa = XCBuildConfiguration;
			buildSettings = {
				ALWAYS_EMBED_SWIFT_STANDARD_LIBRARIES = YES;
				CODE_SIGN_STYLE = Automatic;
				CURRENT_PROJECT_VERSION = 1;
				GENERATE_INFOPLIST_FILE = YES;
				MARKETING_VERSION = 1.0;
				PRODUCT_BUNDLE_IDENTIFIER = com.example.OscReceiverExampleUITests;
				PRODUCT_NAME = "$(TARGET_NAME)";
				SWIFT_EMIT_LOC_STRINGS = NO;
				SWIFT_VERSION = 5.0;
				TARGETED_DEVICE_FAMILY = "1,2";
				TEST_TARGET_NAME = OscReceiverExample;
			};
			name = Debug;
		};
		1F1D4BF22BE39E0100D65359 /* Release */ = {
			isa = XCBuildConfiguration;
			buildSettings = {
				ALWAYS_EMBED_SWIFT_STANDARD_LIBRARIES = YES;
				CODE_SIGN_STYLE = Automatic;
				CURRENT_PROJECT_VERSION = 1;
				GENERATE_INFOPLIST_FILE = YES;
				MARKETING_VERSION = 1.0;
				PRODUCT_BUNDLE_IDENTIFIER = com.example.OscReceiverExampleUITests;
				PRODUCT_NAME = "$(TARGET_NAME)";
				SWIFT_EMIT_LOC_STRINGS = NO;
				SWIFT_VERSION = 5.0;
				TARGETED_DEVICE_FAMILY = "1,2";
				TEST_TARGET_NAME = OscReceiverExample;
			};
			name = Release;
		};
/* End XCBuildConfiguration section */

/* Begin XCConfigurationList section */
		1F1D4BBF2BE39E0000D65359 /* Build configuration list for PBXProject "OscReceiverExample" */ = {
			isa = XCConfigurationList;
			buildConfigurations = (
				1F1D4BE82BE39E0100D65359 /* Debug */,
				1F1D4BE92BE39E0100D65359 /* Release */,
			);
			defaultConfigurationIsVisible = 0;
			defaultConfigurationName = Release;
		};
		1F1D4BEA2BE39E0100D65359 /* Build configuration list for PBXNativeTarget "OscReceiverExample" */ = {
			isa = XCConfigurationList;
			buildConfigurations = (
				1F1D4BEB2BE39E0100D65359 /* Debug */,
				1F1D4BEC2BE39E0100D65359 /* Release */,
			);
			defaultConfigurationIsVisible = 0;
			defaultConfigurationName = Release;
		};
		1F1D4BED2BE39E0100D65359 /* Build configuration list for PBXNativeTarget "OscReceiverExampleTests" */ = {
			isa = XCConfigurationList;
			buildConfigurations = (
				1F1D4BEE2BE39E0100D65359 /* Debug */,
				1F1D4BEF2BE39E0100D65359 /* Release */,
			);
			defaultConfigurationIsVisible = 0;
			defaultConfigurationName = Release;
		};
		1F1D4BF02BE39E0100D65359 /* Build configuration list for PBXNativeTarget "OscReceiverExampleUITests" */ = {
			isa = XCConfigurationList;
			buildConfigurations = (
				1F1D4BF12BE39E0100D65359 /* Debug */,
				1F1D4BF22BE39E0100D65359 /* Release */,
			);
			defaultConfigurationIsVisible = 0;
			defaultConfigurationName = Release;
		};
/* End XCConfigurationList section */

/* Begin XCRemoteSwiftPackageReference section */
		1F1D4BF32BE39E1800D65359 /* XCRemoteSwiftPackageReference "OSCKit" */ = {
			isa = XCRemoteSwiftPackageReference;
			repositoryURL = "https://github.com/orchetect/OSCKit?tab=readme-ov-file";
			requirement = {
				kind = upToNextMajorVersion;
				minimumVersion = 0.5.0;
			};
		};
/* End XCRemoteSwiftPackageReference section */

/* Begin XCSwiftPackageProductDependency section */
		1F1D4BF72BE39EEF00D65359 /* OSCKit */ = {
			isa = XCSwiftPackageProductDependency;
			package = 1F1D4BF32BE39E1800D65359 /* XCRemoteSwiftPackageReference "OSCKit" */;
			productName = OSCKit;
		};
/* End XCSwiftPackageProductDependency section */
	};
	rootObject = 1F1D4BBC2BE39E0000D65359 /* Project object */;
}
